// !$*UTF8*$!
{
	archiveVersion = 1;
	classes = {
	};
	objectVersion = 50;
	objects = {

/* Begin PBXBuildFile section */
		8530092420A004DC0031F047 /* AppDelegate.swift in Sources */ = {isa = PBXBuildFile; fileRef = 8530092320A004DC0031F047 /* AppDelegate.swift */; };
		8530092920A004DC0031F047 /* Main.storyboard in Resources */ = {isa = PBXBuildFile; fileRef = 8530092720A004DC0031F047 /* Main.storyboard */; };
		8530092B20A004DD0031F047 /* Assets.xcassets in Resources */ = {isa = PBXBuildFile; fileRef = 8530092A20A004DD0031F047 /* Assets.xcassets */; };
		8530092E20A004DD0031F047 /* LaunchScreen.storyboard in Resources */ = {isa = PBXBuildFile; fileRef = 8530092C20A004DD0031F047 /* LaunchScreen.storyboard */; };
		8530093920A004DD0031F047 /* DouyuTVSwiftTests.swift in Sources */ = {isa = PBXBuildFile; fileRef = 8530093820A004DD0031F047 /* DouyuTVSwiftTests.swift */; };
		8530094420A004DD0031F047 /* DouyuTVSwiftUITests.swift in Sources */ = {isa = PBXBuildFile; fileRef = 8530094320A004DD0031F047 /* DouyuTVSwiftUITests.swift */; };
		8541D78320A032EB00ED1F8C /* Follow.storyboard in Resources */ = {isa = PBXBuildFile; fileRef = 8541D78220A032EB00ED1F8C /* Follow.storyboard */; };
		8541D78520A032FC00ED1F8C /* Live.storyboard in Resources */ = {isa = PBXBuildFile; fileRef = 8541D78420A032FC00ED1F8C /* Live.storyboard */; };
		8541D78720A0330B00ED1F8C /* Profile.storyboard in Resources */ = {isa = PBXBuildFile; fileRef = 8541D78620A0330B00ED1F8C /* Profile.storyboard */; };
		8541D78920A0331800ED1F8C /* Home.storyboard in Resources */ = {isa = PBXBuildFile; fileRef = 8541D78820A0331800ED1F8C /* Home.storyboard */; };
		8541D79120A033B000ED1F8C /* MainViewController.swift in Sources */ = {isa = PBXBuildFile; fileRef = 8541D79020A033B000ED1F8C /* MainViewController.swift */; };
		8541D79320A033EE00ED1F8C /* HomeViewController.swift in Sources */ = {isa = PBXBuildFile; fileRef = 8541D79220A033EE00ED1F8C /* HomeViewController.swift */; };
		8541D79620A038B200ED1F8C /* UIBarButtonItem-Extension.swift in Sources */ = {isa = PBXBuildFile; fileRef = 8541D79520A038B200ED1F8C /* UIBarButtonItem-Extension.swift */; };
/* End PBXBuildFile section */

/* Begin PBXContainerItemProxy section */
		8530093520A004DD0031F047 /* PBXContainerItemProxy */ = {
			isa = PBXContainerItemProxy;
			containerPortal = 8530091820A004DC0031F047 /* Project object */;
			proxyType = 1;
			remoteGlobalIDString = 8530091F20A004DC0031F047;
			remoteInfo = DouyuTVSwift;
		};
		8530094020A004DD0031F047 /* PBXContainerItemProxy */ = {
			isa = PBXContainerItemProxy;
			containerPortal = 8530091820A004DC0031F047 /* Project object */;
			proxyType = 1;
			remoteGlobalIDString = 8530091F20A004DC0031F047;
			remoteInfo = DouyuTVSwift;
		};
/* End PBXContainerItemProxy section */

/* Begin PBXFileReference section */
		8530092020A004DC0031F047 /* DouyuTVSwift.app */ = {isa = PBXFileReference; explicitFileType = wrapper.application; includeInIndex = 0; path = DouyuTVSwift.app; sourceTree = BUILT_PRODUCTS_DIR; };
		8530092320A004DC0031F047 /* AppDelegate.swift */ = {isa = PBXFileReference; lastKnownFileType = sourcecode.swift; path = AppDelegate.swift; sourceTree = "<group>"; };
		8530092820A004DC0031F047 /* Base */ = {isa = PBXFileReference; lastKnownFileType = file.storyboard; name = Base; path = Base.lproj/Main.storyboard; sourceTree = "<group>"; };
		8530092A20A004DD0031F047 /* Assets.xcassets */ = {isa = PBXFileReference; lastKnownFileType = folder.assetcatalog; path = Assets.xcassets; sourceTree = "<group>"; };
		8530092D20A004DD0031F047 /* Base */ = {isa = PBXFileReference; lastKnownFileType = file.storyboard; name = Base; path = Base.lproj/LaunchScreen.storyboard; sourceTree = "<group>"; };
		8530092F20A004DD0031F047 /* Info.plist */ = {isa = PBXFileReference; lastKnownFileType = text.plist.xml; path = Info.plist; sourceTree = "<group>"; };
		8530093420A004DD0031F047 /* DouyuTVSwiftTests.xctest */ = {isa = PBXFileReference; explicitFileType = wrapper.cfbundle; includeInIndex = 0; path = DouyuTVSwiftTests.xctest; sourceTree = BUILT_PRODUCTS_DIR; };
		8530093820A004DD0031F047 /* DouyuTVSwiftTests.swift */ = {isa = PBXFileReference; lastKnownFileType = sourcecode.swift; path = DouyuTVSwiftTests.swift; sourceTree = "<group>"; };
		8530093A20A004DD0031F047 /* Info.plist */ = {isa = PBXFileReference; lastKnownFileType = text.plist.xml; path = Info.plist; sourceTree = "<group>"; };
		8530093F20A004DD0031F047 /* DouyuTVSwiftUITests.xctest */ = {isa = PBXFileReference; explicitFileType = wrapper.cfbundle; includeInIndex = 0; path = DouyuTVSwiftUITests.xctest; sourceTree = BUILT_PRODUCTS_DIR; };
		8530094320A004DD0031F047 /* DouyuTVSwiftUITests.swift */ = {isa = PBXFileReference; lastKnownFileType = sourcecode.swift; path = DouyuTVSwiftUITests.swift; sourceTree = "<group>"; };
		8530094520A004DD0031F047 /* Info.plist */ = {isa = PBXFileReference; lastKnownFileType = text.plist.xml; path = Info.plist; sourceTree = "<group>"; };
		8541D78220A032EB00ED1F8C /* Follow.storyboard */ = {isa = PBXFileReference; fileEncoding = 4; lastKnownFileType = file.storyboard; path = Follow.storyboard; sourceTree = "<group>"; };
		8541D78420A032FC00ED1F8C /* Live.storyboard */ = {isa = PBXFileReference; fileEncoding = 4; lastKnownFileType = file.storyboard; path = Live.storyboard; sourceTree = "<group>"; };
		8541D78620A0330B00ED1F8C /* Profile.storyboard */ = {isa = PBXFileReference; fileEncoding = 4; lastKnownFileType = file.storyboard; path = Profile.storyboard; sourceTree = "<group>"; };
		8541D78820A0331800ED1F8C /* Home.storyboard */ = {isa = PBXFileReference; fileEncoding = 4; lastKnownFileType = file.storyboard; path = Home.storyboard; sourceTree = "<group>"; };
		8541D79020A033B000ED1F8C /* MainViewController.swift */ = {isa = PBXFileReference; fileEncoding = 4; lastKnownFileType = sourcecode.swift; path = MainViewController.swift; sourceTree = "<group>"; };
		8541D79220A033EE00ED1F8C /* HomeViewController.swift */ = {isa = PBXFileReference; lastKnownFileType = sourcecode.swift; path = HomeViewController.swift; sourceTree = "<group>"; };
		8541D79520A038B200ED1F8C /* UIBarButtonItem-Extension.swift */ = {isa = PBXFileReference; lastKnownFileType = sourcecode.swift; path = "UIBarButtonItem-Extension.swift"; sourceTree = "<group>"; };
/* End PBXFileReference section */

/* Begin PBXFrameworksBuildPhase section */
		8530091D20A004DC0031F047 /* Frameworks */ = {
			isa = PBXFrameworksBuildPhase;
			buildActionMask = 2147483647;
			files = (
			);
			runOnlyForDeploymentPostprocessing = 0;
		};
		8530093120A004DD0031F047 /* Frameworks */ = {
			isa = PBXFrameworksBuildPhase;
			buildActionMask = 2147483647;
			files = (
			);
			runOnlyForDeploymentPostprocessing = 0;
		};
		8530093C20A004DD0031F047 /* Frameworks */ = {
			isa = PBXFrameworksBuildPhase;
			buildActionMask = 2147483647;
			files = (
			);
			runOnlyForDeploymentPostprocessing = 0;
		};
/* End PBXFrameworksBuildPhase section */

/* Begin PBXGroup section */
		8530091720A004DC0031F047 = {
			isa = PBXGroup;
			children = (
				8530092220A004DC0031F047 /* DouyuTVSwift */,
				8530093720A004DD0031F047 /* DouyuTVSwiftTests */,
				8530094220A004DD0031F047 /* DouyuTVSwiftUITests */,
				8530092120A004DC0031F047 /* Products */,
			);
			sourceTree = "<group>";
		};
		8530092120A004DC0031F047 /* Products */ = {
			isa = PBXGroup;
			children = (
				8530092020A004DC0031F047 /* DouyuTVSwift.app */,
				8530093420A004DD0031F047 /* DouyuTVSwiftTests.xctest */,
				8530093F20A004DD0031F047 /* DouyuTVSwiftUITests.xctest */,
			);
			name = Products;
			sourceTree = "<group>";
		};
		8530092220A004DC0031F047 /* DouyuTVSwift */ = {
			isa = PBXGroup;
			children = (
				8530095820A01E5C0031F047 /* Classes */,
				8530092320A004DC0031F047 /* AppDelegate.swift */,
				8530092A20A004DD0031F047 /* Assets.xcassets */,
				8530092C20A004DD0031F047 /* LaunchScreen.storyboard */,
				8530092F20A004DD0031F047 /* Info.plist */,
			);
			path = DouyuTVSwift;
			sourceTree = "<group>";
		};
		8530093720A004DD0031F047 /* DouyuTVSwiftTests */ = {
			isa = PBXGroup;
			children = (
				8530093820A004DD0031F047 /* DouyuTVSwiftTests.swift */,
				8530093A20A004DD0031F047 /* Info.plist */,
			);
			path = DouyuTVSwiftTests;
			sourceTree = "<group>";
		};
		8530094220A004DD0031F047 /* DouyuTVSwiftUITests */ = {
			isa = PBXGroup;
			children = (
				8530094320A004DD0031F047 /* DouyuTVSwiftUITests.swift */,
				8530094520A004DD0031F047 /* Info.plist */,
			);
			path = DouyuTVSwiftUITests;
			sourceTree = "<group>";
		};
		8530095820A01E5C0031F047 /* Classes */ = {
			isa = PBXGroup;
			children = (
				8530095E20A01E5C0031F047 /* Main */,
				8530095920A01E5C0031F047 /* Home */,
				8530095D20A01E5C0031F047 /* Live */,
				8530095C20A01E5C0031F047 /* Follow */,
				8530095A20A01E5C0031F047 /* Tools */,
				8530095B20A01E5C0031F047 /* Profile */,
			);
			path = Classes;
			sourceTree = "<group>";
		};
		8530095920A01E5C0031F047 /* Home */ = {
			isa = PBXGroup;
			children = (
				8541D78C20A0336200ED1F8C /* Controller */,
				8541D78B20A0336100ED1F8C /* Model */,
				8541D78A20A0336100ED1F8C /* View */,
				8541D78820A0331800ED1F8C /* Home.storyboard */,
			);
			path = Home;
			sourceTree = "<group>";
		};
		8530095A20A01E5C0031F047 /* Tools */ = {
			isa = PBXGroup;
			children = (
				8541D79420A0388800ED1F8C /* Extension */,
			);
			path = Tools;
			sourceTree = "<group>";
		};
		8530095B20A01E5C0031F047 /* Profile */ = {
			isa = PBXGroup;
			children = (
				8541D78620A0330B00ED1F8C /* Profile.storyboard */,
			);
			path = Profile;
			sourceTree = "<group>";
		};
		8530095C20A01E5C0031F047 /* Follow */ = {
			isa = PBXGroup;
			children = (
				8541D78220A032EB00ED1F8C /* Follow.storyboard */,
			);
			path = Follow;
			sourceTree = "<group>";
		};
		8530095D20A01E5C0031F047 /* Live */ = {
			isa = PBXGroup;
			children = (
				8541D78420A032FC00ED1F8C /* Live.storyboard */,
			);
			path = Live;
			sourceTree = "<group>";
		};
		8530095E20A01E5C0031F047 /* Main */ = {
			isa = PBXGroup;
			children = (
				8541D78E20A033B000ED1F8C /* Model */,
				8541D78D20A033B000ED1F8C /* View */,
				8541D78F20A033B000ED1F8C /* Controller */,
				8530092720A004DC0031F047 /* Main.storyboard */,
			);
			path = Main;
			sourceTree = "<group>";
		};
		8541D78A20A0336100ED1F8C /* View */ = {
			isa = PBXGroup;
			children = (
			);
			path = View;
			sourceTree = "<group>";
		};
		8541D78B20A0336100ED1F8C /* Model */ = {
			isa = PBXGroup;
			children = (
			);
			path = Model;
			sourceTree = "<group>";
		};
		8541D78C20A0336200ED1F8C /* Controller */ = {
			isa = PBXGroup;
			children = (
				8541D79220A033EE00ED1F8C /* HomeViewController.swift */,
			);
			path = Controller;
			sourceTree = "<group>";
		};
		8541D78D20A033B000ED1F8C /* View */ = {
			isa = PBXGroup;
			children = (
			);
			path = View;
			sourceTree = "<group>";
		};
		8541D78E20A033B000ED1F8C /* Model */ = {
			isa = PBXGroup;
			children = (
			);
			path = Model;
			sourceTree = "<group>";
		};
		8541D78F20A033B000ED1F8C /* Controller */ = {
			isa = PBXGroup;
			children = (
				8541D79020A033B000ED1F8C /* MainViewController.swift */,
			);
			path = Controller;
			sourceTree = "<group>";
		};
		8541D79420A0388800ED1F8C /* Extension */ = {
			isa = PBXGroup;
			children = (
				8541D79520A038B200ED1F8C /* UIBarButtonItem-Extension.swift */,
			);
			path = Extension;
			sourceTree = "<group>";
		};
/* End PBXGroup section */

/* Begin PBXNativeTarget section */
		8530091F20A004DC0031F047 /* DouyuTVSwift */ = {
			isa = PBXNativeTarget;
			buildConfigurationList = 8530094820A004DD0031F047 /* Build configuration list for PBXNativeTarget "DouyuTVSwift" */;
			buildPhases = (
				8530091C20A004DC0031F047 /* Sources */,
				8530091D20A004DC0031F047 /* Frameworks */,
				8530091E20A004DC0031F047 /* Resources */,
			);
			buildRules = (
			);
			dependencies = (
			);
			name = DouyuTVSwift;
			productName = DouyuTVSwift;
			productReference = 8530092020A004DC0031F047 /* DouyuTVSwift.app */;
			productType = "com.apple.product-type.application";
		};
		8530093320A004DD0031F047 /* DouyuTVSwiftTests */ = {
			isa = PBXNativeTarget;
			buildConfigurationList = 8530094B20A004DD0031F047 /* Build configuration list for PBXNativeTarget "DouyuTVSwiftTests" */;
			buildPhases = (
				8530093020A004DD0031F047 /* Sources */,
				8530093120A004DD0031F047 /* Frameworks */,
				8530093220A004DD0031F047 /* Resources */,
			);
			buildRules = (
			);
			dependencies = (
				8530093620A004DD0031F047 /* PBXTargetDependency */,
			);
			name = DouyuTVSwiftTests;
			productName = DouyuTVSwiftTests;
			productReference = 8530093420A004DD0031F047 /* DouyuTVSwiftTests.xctest */;
			productType = "com.apple.product-type.bundle.unit-test";
		};
		8530093E20A004DD0031F047 /* DouyuTVSwiftUITests */ = {
			isa = PBXNativeTarget;
			buildConfigurationList = 8530094E20A004DD0031F047 /* Build configuration list for PBXNativeTarget "DouyuTVSwiftUITests" */;
			buildPhases = (
				8530093B20A004DD0031F047 /* Sources */,
				8530093C20A004DD0031F047 /* Frameworks */,
				8530093D20A004DD0031F047 /* Resources */,
			);
			buildRules = (
			);
			dependencies = (
				8530094120A004DD0031F047 /* PBXTargetDependency */,
			);
			name = DouyuTVSwiftUITests;
			productName = DouyuTVSwiftUITests;
			productReference = 8530093F20A004DD0031F047 /* DouyuTVSwiftUITests.xctest */;
			productType = "com.apple.product-type.bundle.ui-testing";
		};
/* End PBXNativeTarget section */

/* Begin PBXProject section */
		8530091820A004DC0031F047 /* Project object */ = {
			isa = PBXProject;
			attributes = {
				LastSwiftUpdateCheck = 0930;
				LastUpgradeCheck = 0930;
				ORGANIZATIONNAME = goodDay;
				TargetAttributes = {
					8530091F20A004DC0031F047 = {
						CreatedOnToolsVersion = 9.3;
					};
					8530093320A004DD0031F047 = {
						CreatedOnToolsVersion = 9.3;
						TestTargetID = 8530091F20A004DC0031F047;
					};
					8530093E20A004DD0031F047 = {
						CreatedOnToolsVersion = 9.3;
						TestTargetID = 8530091F20A004DC0031F047;
					};
				};
			};
			buildConfigurationList = 8530091B20A004DC0031F047 /* Build configuration list for PBXProject "DouyuTVSwift" */;
			compatibilityVersion = "Xcode 9.3";
			developmentRegion = en;
			hasScannedForEncodings = 0;
			knownRegions = (
				en,
				Base,
			);
			mainGroup = 8530091720A004DC0031F047;
			productRefGroup = 8530092120A004DC0031F047 /* Products */;
			projectDirPath = "";
			projectRoot = "";
			targets = (
				8530091F20A004DC0031F047 /* DouyuTVSwift */,
				8530093320A004DD0031F047 /* DouyuTVSwiftTests */,
				8530093E20A004DD0031F047 /* DouyuTVSwiftUITests */,
			);
		};
/* End PBXProject section */

/* Begin PBXResourcesBuildPhase section */
		8530091E20A004DC0031F047 /* Resources */ = {
			isa = PBXResourcesBuildPhase;
			buildActionMask = 2147483647;
			files = (
				8541D78920A0331800ED1F8C /* Home.storyboard in Resources */,
				8530092E20A004DD0031F047 /* LaunchScreen.storyboard in Resources */,
				8530092B20A004DD0031F047 /* Assets.xcassets in Resources */,
				8530092920A004DC0031F047 /* Main.storyboard in Resources */,
				8541D78320A032EB00ED1F8C /* Follow.storyboard in Resources */,
				8541D78720A0330B00ED1F8C /* Profile.storyboard in Resources */,
				8541D78520A032FC00ED1F8C /* Live.storyboard in Resources */,
			);
			runOnlyForDeploymentPostprocessing = 0;
		};
		8530093220A004DD0031F047 /* Resources */ = {
			isa = PBXResourcesBuildPhase;
			buildActionMask = 2147483647;
			files = (
			);
			runOnlyForDeploymentPostprocessing = 0;
		};
		8530093D20A004DD0031F047 /* Resources */ = {
			isa = PBXResourcesBuildPhase;
			buildActionMask = 2147483647;
			files = (
			);
			runOnlyForDeploymentPostprocessing = 0;
		};
/* End PBXResourcesBuildPhase section */

/* Begin PBXSourcesBuildPhase section */
		8530091C20A004DC0031F047 /* Sources */ = {
			isa = PBXSourcesBuildPhase;
			buildActionMask = 2147483647;
			files = (
				8530092420A004DC0031F047 /* AppDelegate.swift in Sources */,
				8541D79120A033B000ED1F8C /* MainViewController.swift in Sources */,
				8541D79620A038B200ED1F8C /* UIBarButtonItem-Extension.swift in Sources */,
				8541D79320A033EE00ED1F8C /* HomeViewController.swift in Sources */,
			);
			runOnlyForDeploymentPostprocessing = 0;
		};
		8530093020A004DD0031F047 /* Sources */ = {
			isa = PBXSourcesBuildPhase;
			buildActionMask = 2147483647;
			files = (
				8530093920A004DD0031F047 /* DouyuTVSwiftTests.swift in Sources */,
			);
			runOnlyForDeploymentPostprocessing = 0;
		};
		8530093B20A004DD0031F047 /* Sources */ = {
			isa = PBXSourcesBuildPhase;
			buildActionMask = 2147483647;
			files = (
				8530094420A004DD0031F047 /* DouyuTVSwiftUITests.swift in Sources */,
			);
			runOnlyForDeploymentPostprocessing = 0;
		};
/* End PBXSourcesBuildPhase section */

/* Begin PBXTargetDependency section */
		8530093620A004DD0031F047 /* PBXTargetDependency */ = {
			isa = PBXTargetDependency;
			target = 8530091F20A004DC0031F047 /* DouyuTVSwift */;
			targetProxy = 8530093520A004DD0031F047 /* PBXContainerItemProxy */;
		};
		8530094120A004DD0031F047 /* PBXTargetDependency */ = {
			isa = PBXTargetDependency;
			target = 8530091F20A004DC0031F047 /* DouyuTVSwift */;
			targetProxy = 8530094020A004DD0031F047 /* PBXContainerItemProxy */;
		};
/* End PBXTargetDependency section */

/* Begin PBXVariantGroup section */
		8530092720A004DC0031F047 /* Main.storyboard */ = {
			isa = PBXVariantGroup;
			children = (
				8530092820A004DC0031F047 /* Base */,
			);
			name = Main.storyboard;
			sourceTree = "<group>";
		};
		8530092C20A004DD0031F047 /* LaunchScreen.storyboard */ = {
			isa = PBXVariantGroup;
			children = (
				8530092D20A004DD0031F047 /* Base */,
			);
			name = LaunchScreen.storyboard;
			sourceTree = "<group>";
		};
/* End PBXVariantGroup section */

/* Begin XCBuildConfiguration section */
		8530094620A004DD0031F047 /* Debug */ = {
			isa = XCBuildConfiguration;
			buildSettings = {
				ALWAYS_SEARCH_USER_PATHS = NO;
				CLANG_ANALYZER_NONNULL = YES;
				CLANG_ANALYZER_NUMBER_OBJECT_CONVERSION = YES_AGGRESSIVE;
				CLANG_CXX_LANGUAGE_STANDARD = "gnu++14";
				CLANG_CXX_LIBRARY = "libc++";
				CLANG_ENABLE_MODULES = YES;
				CLANG_ENABLE_OBJC_ARC = YES;
				CLANG_ENABLE_OBJC_WEAK = YES;
				CLANG_WARN_BLOCK_CAPTURE_AUTORELEASING = YES;
				CLANG_WARN_BOOL_CONVERSION = YES;
				CLANG_WARN_COMMA = YES;
				CLANG_WARN_CONSTANT_CONVERSION = YES;
				CLANG_WARN_DEPRECATED_OBJC_IMPLEMENTATIONS = YES;
				CLANG_WARN_DIRECT_OBJC_ISA_USAGE = YES_ERROR;
				CLANG_WARN_DOCUMENTATION_COMMENTS = YES;
				CLANG_WARN_EMPTY_BODY = YES;
				CLANG_WARN_ENUM_CONVERSION = YES;
				CLANG_WARN_INFINITE_RECURSION = YES;
				CLANG_WARN_INT_CONVERSION = YES;
				CLANG_WARN_NON_LITERAL_NULL_CONVERSION = YES;
				CLANG_WARN_OBJC_IMPLICIT_RETAIN_SELF = YES;
				CLANG_WARN_OBJC_LITERAL_CONVERSION = YES;
				CLANG_WARN_OBJC_ROOT_CLASS = YES_ERROR;
				CLANG_WARN_RANGE_LOOP_ANALYSIS = YES;
				CLANG_WARN_STRICT_PROTOTYPES = YES;
				CLANG_WARN_SUSPICIOUS_MOVE = YES;
				CLANG_WARN_UNGUARDED_AVAILABILITY = YES_AGGRESSIVE;
				CLANG_WARN_UNREACHABLE_CODE = YES;
				CLANG_WARN__DUPLICATE_METHOD_MATCH = YES;
				CODE_SIGN_IDENTITY = "iPhone Developer";
				COPY_PHASE_STRIP = NO;
				DEBUG_INFORMATION_FORMAT = dwarf;
				ENABLE_STRICT_OBJC_MSGSEND = YES;
				ENABLE_TESTABILITY = YES;
				GCC_C_LANGUAGE_STANDARD = gnu11;
				GCC_DYNAMIC_NO_PIC = NO;
				GCC_NO_COMMON_BLOCKS = YES;
				GCC_OPTIMIZATION_LEVEL = 0;
				GCC_PREPROCESSOR_DEFINITIONS = (
					"DEBUG=1",
					"$(inherited)",
				);
				GCC_WARN_64_TO_32_BIT_CONVERSION = YES;
				GCC_WARN_ABOUT_RETURN_TYPE = YES_ERROR;
				GCC_WARN_UNDECLARED_SELECTOR = YES;
				GCC_WARN_UNINITIALIZED_AUTOS = YES_AGGRESSIVE;
				GCC_WARN_UNUSED_FUNCTION = YES;
				GCC_WARN_UNUSED_VARIABLE = YES;
				IPHONEOS_DEPLOYMENT_TARGET = 11.3;
				MTL_ENABLE_DEBUG_INFO = YES;
				ONLY_ACTIVE_ARCH = YES;
				SDKROOT = iphoneos;
				SWIFT_ACTIVE_COMPILATION_CONDITIONS = DEBUG;
				SWIFT_OPTIMIZATION_LEVEL = "-Onone";
			};
			name = Debug;
		};
		8530094720A004DD0031F047 /* Release */ = {
			isa = XCBuildConfiguration;
			buildSettings = {
				ALWAYS_SEARCH_USER_PATHS = NO;
				CLANG_ANALYZER_NONNULL = YES;
				CLANG_ANALYZER_NUMBER_OBJECT_CONVERSION = YES_AGGRESSIVE;
				CLANG_CXX_LANGUAGE_STANDARD = "gnu++14";
				CLANG_CXX_LIBRARY = "libc++";
				CLANG_ENABLE_MODULES = YES;
				CLANG_ENABLE_OBJC_ARC = YES;
				CLANG_ENABLE_OBJC_WEAK = YES;
				CLANG_WARN_BLOCK_CAPTURE_AUTORELEASING = YES;
				CLANG_WARN_BOOL_CONVERSION = YES;
				CLANG_WARN_COMMA = YES;
				CLANG_WARN_CONSTANT_CONVERSION = YES;
				CLANG_WARN_DEPRECATED_OBJC_IMPLEMENTATIONS = YES;
				CLANG_WARN_DIRECT_OBJC_ISA_USAGE = YES_ERROR;
				CLANG_WARN_DOCUMENTATION_COMMENTS = YES;
				CLANG_WARN_EMPTY_BODY = YES;
				CLANG_WARN_ENUM_CONVERSION = YES;
				CLANG_WARN_INFINITE_RECURSION = YES;
				CLANG_WARN_INT_CONVERSION = YES;
				CLANG_WARN_NON_LITERAL_NULL_CONVERSION = YES;
				CLANG_WARN_OBJC_IMPLICIT_RETAIN_SELF = YES;
				CLANG_WARN_OBJC_LITERAL_CONVERSION = YES;
				CLANG_WARN_OBJC_ROOT_CLASS = YES_ERROR;
				CLANG_WARN_RANGE_LOOP_ANALYSIS = YES;
				CLANG_WARN_STRICT_PROTOTYPES = YES;
				CLANG_WARN_SUSPICIOUS_MOVE = YES;
				CLANG_WARN_UNGUARDED_AVAILABILITY = YES_AGGRESSIVE;
				CLANG_WARN_UNREACHABLE_CODE = YES;
				CLANG_WARN__DUPLICATE_METHOD_MATCH = YES;
				CODE_SIGN_IDENTITY = "iPhone Developer";
				COPY_PHASE_STRIP = NO;
				DEBUG_INFORMATION_FORMAT = "dwarf-with-dsym";
				ENABLE_NS_ASSERTIONS = NO;
				ENABLE_STRICT_OBJC_MSGSEND = YES;
				GCC_C_LANGUAGE_STANDARD = gnu11;
				GCC_NO_COMMON_BLOCKS = YES;
				GCC_WARN_64_TO_32_BIT_CONVERSION = YES;
				GCC_WARN_ABOUT_RETURN_TYPE = YES_ERROR;
				GCC_WARN_UNDECLARED_SELECTOR = YES;
				GCC_WARN_UNINITIALIZED_AUTOS = YES_AGGRESSIVE;
				GCC_WARN_UNUSED_FUNCTION = YES;
				GCC_WARN_UNUSED_VARIABLE = YES;
				IPHONEOS_DEPLOYMENT_TARGET = 11.3;
				MTL_ENABLE_DEBUG_INFO = NO;
				SDKROOT = iphoneos;
				SWIFT_COMPILATION_MODE = wholemodule;
				SWIFT_OPTIMIZATION_LEVEL = "-O";
				VALIDATE_PRODUCT = YES;
			};
			name = Release;
		};
		8530094920A004DD0031F047 /* Debug */ = {
			isa = XCBuildConfiguration;
			buildSettings = {
				ASSETCATALOG_COMPILER_APPICON_NAME = AppIcon;
				ASSETCATALOG_COMPILER_LAUNCHIMAGE_NAME = LaunchImage;
				CODE_SIGN_STYLE = Automatic;
				DEVELOPMENT_TEAM = 98ZL4K5SEZ;
				INFOPLIST_FILE = DouyuTVSwift/Info.plist;
				IPHONEOS_DEPLOYMENT_TARGET = 8.0;
				LD_RUNPATH_SEARCH_PATHS = (
					"$(inherited)",
					"@executable_path/Frameworks",
				);
				PRODUCT_BUNDLE_IDENTIFIER = com.chetuan.DouyuTVSwift;
				PRODUCT_NAME = "$(TARGET_NAME)";
				SWIFT_VERSION = 4.0;
				TARGETED_DEVICE_FAMILY = "1,2";
			};
			name = Debug;
		};
		8530094A20A004DD0031F047 /* Release */ = {
			isa = XCBuildConfiguration;
			buildSettings = {
				ASSETCATALOG_COMPILER_APPICON_NAME = AppIcon;
				ASSETCATALOG_COMPILER_LAUNCHIMAGE_NAME = LaunchImage;
				CODE_SIGN_STYLE = Automatic;
				DEVELOPMENT_TEAM = 98ZL4K5SEZ;
				INFOPLIST_FILE = DouyuTVSwift/Info.plist;
				IPHONEOS_DEPLOYMENT_TARGET = 8.0;
				LD_RUNPATH_SEARCH_PATHS = (
					"$(inherited)",
					"@executable_path/Frameworks",
				);
				PRODUCT_BUNDLE_IDENTIFIER = com.chetuan.DouyuTVSwift;
				PRODUCT_NAME = "$(TARGET_NAME)";
				SWIFT_VERSION = 4.0;
				TARGETED_DEVICE_FAMILY = "1,2";
			};
			name = Release;
		};
		8530094C20A004DD0031F047 /* Debug */ = {
			isa = XCBuildConfiguration;
			buildSettings = {
				ALWAYS_EMBED_SWIFT_STANDARD_LIBRARIES = YES;
				BUNDLE_LOADER = "$(TEST_HOST)";
				CODE_SIGN_STYLE = Automatic;
				DEVELOPMENT_TEAM = V7ZJK47UKH;
				INFOPLIST_FILE = DouyuTVSwiftTests/Info.plist;
				LD_RUNPATH_SEARCH_PATHS = (
					"$(inherited)",
					"@executable_path/Frameworks",
					"@loader_path/Frameworks",
				);
				PRODUCT_BUNDLE_IDENTIFIER = com.chetuan.DouyuTVSwiftTests;
				PRODUCT_NAME = "$(TARGET_NAME)";
				SWIFT_VERSION = 4.0;
				TARGETED_DEVICE_FAMILY = "1,2";
				TEST_HOST = "$(BUILT_PRODUCTS_DIR)/DouyuTVSwift.app/DouyuTVSwift";
			};
			name = Debug;
		};
		8530094D20A004DD0031F047 /* Release */ = {
			isa = XCBuildConfiguration;
			buildSettings = {
				ALWAYS_EMBED_SWIFT_STANDARD_LIBRARIES = YES;
				BUNDLE_LOADER = "$(TEST_HOST)";
				CODE_SIGN_STYLE = Automatic;
				DEVELOPMENT_TEAM = V7ZJK47UKH;
				INFOPLIST_FILE = DouyuTVSwiftTests/Info.plist;
				LD_RUNPATH_SEARCH_PATHS = (
					"$(inherited)",
					"@executable_path/Frameworks",
					"@loader_path/Frameworks",
				);
				PRODUCT_BUNDLE_IDENTIFIER = com.chetuan.DouyuTVSwiftTests;
				PRODUCT_NAME = "$(TARGET_NAME)";
				SWIFT_VERSION = 4.0;
				TARGETED_DEVICE_FAMILY = "1,2";
				TEST_HOST = "$(BUILT_PRODUCTS_DIR)/DouyuTVSwift.app/DouyuTVSwift";
			};
			name = Release;
		};
		8530094F20A004DD0031F047 /* Debug */ = {
			isa = XCBuildConfiguration;
			buildSettings = {
				ALWAYS_EMBED_SWIFT_STANDARD_LIBRARIES = YES;
				CODE_SIGN_STYLE = Automatic;
				DEVELOPMENT_TEAM = V7ZJK47UKH;
				INFOPLIST_FILE = DouyuTVSwiftUITests/Info.plist;
				LD_RUNPATH_SEARCH_PATHS = (
					"$(inherited)",
					"@executable_path/Frameworks",
					"@loader_path/Frameworks",
				);
				PRODUCT_BUNDLE_IDENTIFIER = com.chetuan.DouyuTVSwiftUITests;
				PRODUCT_NAME = "$(TARGET_NAME)";
				SWIFT_VERSION = 4.0;
				TARGETED_DEVICE_FAMILY = "1,2";
				TEST_TARGET_NAME = DouyuTVSwift;
			};
			name = Debug;
		};
		8530095020A004DD0031F047 /* Release */ = {
			isa = XCBuildConfiguration;
			buildSettings = {
				ALWAYS_EMBED_SWIFT_STANDARD_LIBRARIES = YES;
				CODE_SIGN_STYLE = Automatic;
				DEVELOPMENT_TEAM = V7ZJK47UKH;
				INFOPLIST_FILE = DouyuTVSwiftUITests/Info.plist;
				LD_RUNPATH_SEARCH_PATHS = (
					"$(inherited)",
					"@executable_path/Frameworks",
					"@loader_path/Frameworks",
				);
				PRODUCT_BUNDLE_IDENTIFIER = com.chetuan.DouyuTVSwiftUITests;
				PRODUCT_NAME = "$(TARGET_NAME)";
				SWIFT_VERSION = 4.0;
				TARGETED_DEVICE_FAMILY = "1,2";
				TEST_TARGET_NAME = DouyuTVSwift;
			};
			name = Release;
		};
/* End XCBuildConfiguration section */

/* Begin XCConfigurationList section */
		8530091B20A004DC0031F047 /* Build configuration list for PBXProject "DouyuTVSwift" */ = {
			isa = XCConfigurationList;
			buildConfigurations = (
				8530094620A004DD0031F047 /* Debug */,
				8530094720A004DD0031F047 /* Release */,
			);
			defaultConfigurationIsVisible = 0;
			defaultConfigurationName = Release;
		};
		8530094820A004DD0031F047 /* Build configuration list for PBXNativeTarget "DouyuTVSwift" */ = {
			isa = XCConfigurationList;
			buildConfigurations = (
				8530094920A004DD0031F047 /* Debug */,
				8530094A20A004DD0031F047 /* Release */,
			);
			defaultConfigurationIsVisible = 0;
			defaultConfigurationName = Release;
		};
		8530094B20A004DD0031F047 /* Build configuration list for PBXNativeTarget "DouyuTVSwiftTests" */ = {
			isa = XCConfigurationList;
			buildConfigurations = (
				8530094C20A004DD0031F047 /* Debug */,
				8530094D20A004DD0031F047 /* Release */,
			);
			defaultConfigurationIsVisible = 0;
			defaultConfigurationName = Release;
		};
		8530094E20A004DD0031F047 /* Build configuration list for PBXNativeTarget "DouyuTVSwiftUITests" */ = {
			isa = XCConfigurationList;
			buildConfigurations = (
				8530094F20A004DD0031F047 /* Debug */,
				8530095020A004DD0031F047 /* Release */,
			);
			defaultConfigurationIsVisible = 0;
			defaultConfigurationName = Release;
		};
/* End XCConfigurationList section */
	};
	rootObject = 8530091820A004DC0031F047 /* Project object */;
}
